
Microsoft Visual Studio Solution File, Format Version 12.00
# Visual Studio Version 16
VisualStudioVersion = 16.0.30309.148
MinimumVisualStudioVersion = 10.0.40219.1
Project("{FAE04EC0-301F-11D3-BF4B-00C04F79EFBC}") = "GUI", "GUI\GUI.csproj", "{C9224BA2-B1A0-4F02-BA37-D937FCEEE065}"
EndProject
Project("{FAE04EC0-301F-11D3-BF4B-00C04F79EFBC}") = "DAO", "DAO\DAO.csproj", "{135F78AD-C7D9-41E0-BA4E-F924DDABA89D}"
EndProject
Project("{FAE04EC0-301F-11D3-BF4B-00C04F79EFBC}") = "BUS", "BUS\BUS.csproj", "{0EE0C17F-36E4-443F-B7A7-D9BACC07C80B}"
EndProject
Project("{FAE04EC0-301F-11D3-BF4B-00C04F79EFBC}") = "DTO", "DTO\DTO.csproj", "{72AC8939-93F4-44BF-8DBD-55B38DCD901E}"
EndProject
Global
	GlobalSection(SolutionConfigurationPlatforms) = preSolution
		Debug|Any CPU = Debug|Any CPU
		Release|Any CPU = Release|Any CPU
	EndGlobalSection
	GlobalSection(ProjectConfigurationPlatforms) = postSolution
		{C9224BA2-B1A0-4F02-BA37-D937FCEEE065}.Debug|Any CPU.ActiveCfg = Debug|Any CPU
		{C9224BA2-B1A0-4F02-BA37-D937FCEEE065}.Debug|Any CPU.Build.0 = Debug|Any CPU
		{C9224BA2-B1A0-4F02-BA37-D937FCEEE065}.Release|Any CPU.ActiveCfg = Release|Any CPU
		{C9224BA2-B1A0-4F02-BA37-D937FCEEE065}.Release|Any CPU.Build.0 = Release|Any CPU
		{135F78AD-C7D9-41E0-BA4E-F924DDABA89D}.Debug|Any CPU.ActiveCfg = Debug|Any CPU
		{135F78AD-C7D9-41E0-BA4E-F924DDABA89D}.Debug|Any CPU.Build.0 = Debug|Any CPU
		{135F78AD-C7D9-41E0-BA4E-F924DDABA89D}.Release|Any CPU.ActiveCfg = Release|Any CPU
		{135F78AD-C7D9-41E0-BA4E-F924DDABA89D}.Release|Any CPU.Build.0 = Release|Any CPU
		{0EE0C17F-36E4-443F-B7A7-D9BACC07C80B}.Debug|Any CPU.ActiveCfg = Debug|Any CPU
		{0EE0C17F-36E4-443F-B7A7-D9BACC07C80B}.Debug|Any CPU.Build.0 = Debug|Any CPU
		{0EE0C17F-36E4-443F-B7A7-D9BACC07C80B}.Release|Any CPU.ActiveCfg = Release|Any CPU
		{0EE0C17F-36E4-443F-B7A7-D9BACC07C80B}.Release|Any CPU.Build.0 = Release|Any CPU
		{72AC8939-93F4-44BF-8DBD-55B38DCD901E}.Debug|Any CPU.ActiveCfg = Debug|Any CPU
		{72AC8939-93F4-44BF-8DBD-55B38DCD901E}.Debug|Any CPU.Build.0 = Debug|Any CPU
		{72AC8939-93F4-44BF-8DBD-55B38DCD901E}.Release|Any CPU.ActiveCfg = Release|Any CPU
		{72AC8939-93F4-44BF-8DBD-55B38DCD901E}.Release|Any CPU.Build.0 = Release|Any CPU
	EndGlobalSection
	GlobalSection(SolutionProperties) = preSolution
		HideSolutionNode = FALSE
	EndGlobalSection
	GlobalSection(ExtensibilityGlobals) = postSolution
		SolutionGuid = {D18A9152-0296-4B28-B42B-034B96E5238E}
	EndGlobalSection
EndGlobal
